// !$*UTF8*$!
{
	archiveVersion = 1;
	classes = {
	};
	objectVersion = 50;
	objects = {

/* Begin PBXBuildFile section */
		7F79324424DE5C2C00A7EC4B /* AppDelegate.swift in Sources */ = {isa = PBXBuildFile; fileRef = 7F79324324DE5C2C00A7EC4B /* AppDelegate.swift */; };
		7F79324624DE5C2C00A7EC4B /* SceneDelegate.swift in Sources */ = {isa = PBXBuildFile; fileRef = 7F79324524DE5C2C00A7EC4B /* SceneDelegate.swift */; };
		7F79324B24DE5C2C00A7EC4B /* Main.storyboard in Resources */ = {isa = PBXBuildFile; fileRef = 7F79324924DE5C2C00A7EC4B /* Main.storyboard */; };
		7F79324D24DE5C2E00A7EC4B /* Assets.xcassets in Resources */ = {isa = PBXBuildFile; fileRef = 7F79324C24DE5C2E00A7EC4B /* Assets.xcassets */; };
		7F79325024DE5C2E00A7EC4B /* LaunchScreen.storyboard in Resources */ = {isa = PBXBuildFile; fileRef = 7F79324E24DE5C2E00A7EC4B /* LaunchScreen.storyboard */; };
		7F79325824DE61C000A7EC4B /* ViewAnimationControllerViewController.swift in Sources */ = {isa = PBXBuildFile; fileRef = 7F79325724DE61C000A7EC4B /* ViewAnimationControllerViewController.swift */; };
		7F79325A24DE620100A7EC4B /* HomeViewController.swift in Sources */ = {isa = PBXBuildFile; fileRef = 7F79325924DE620100A7EC4B /* HomeViewController.swift */; };
		7F79325C24E01EBA00A7EC4B /* PlaneScheduleViewController.swift in Sources */ = {isa = PBXBuildFile; fileRef = 7F79325B24E01EBA00A7EC4B /* PlaneScheduleViewController.swift */; };
		7F79325E24E0233200A7EC4B /* FlightData.swift in Sources */ = {isa = PBXBuildFile; fileRef = 7F79325D24E0233200A7EC4B /* FlightData.swift */; };
/* End PBXBuildFile section */

/* Begin PBXFileReference section */
		7F79324024DE5C2C00A7EC4B /* animation-practice-ios.app */ = {isa = PBXFileReference; explicitFileType = wrapper.application; includeInIndex = 0; path = "animation-practice-ios.app"; sourceTree = BUILT_PRODUCTS_DIR; };
		7F79324324DE5C2C00A7EC4B /* AppDelegate.swift */ = {isa = PBXFileReference; lastKnownFileType = sourcecode.swift; path = AppDelegate.swift; sourceTree = "<group>"; };
		7F79324524DE5C2C00A7EC4B /* SceneDelegate.swift */ = {isa = PBXFileReference; lastKnownFileType = sourcecode.swift; path = SceneDelegate.swift; sourceTree = "<group>"; };
		7F79324A24DE5C2C00A7EC4B /* Base */ = {isa = PBXFileReference; lastKnownFileType = file.storyboard; name = Base; path = Base.lproj/Main.storyboard; sourceTree = "<group>"; };
		7F79324C24DE5C2E00A7EC4B /* Assets.xcassets */ = {isa = PBXFileReference; lastKnownFileType = folder.assetcatalog; path = Assets.xcassets; sourceTree = "<group>"; };
		7F79324F24DE5C2E00A7EC4B /* Base */ = {isa = PBXFileReference; lastKnownFileType = file.storyboard; name = Base; path = Base.lproj/LaunchScreen.storyboard; sourceTree = "<group>"; };
		7F79325124DE5C2E00A7EC4B /* Info.plist */ = {isa = PBXFileReference; lastKnownFileType = text.plist.xml; path = Info.plist; sourceTree = "<group>"; };
		7F79325724DE61C000A7EC4B /* ViewAnimationControllerViewController.swift */ = {isa = PBXFileReference; lastKnownFileType = sourcecode.swift; path = ViewAnimationControllerViewController.swift; sourceTree = "<group>"; };
		7F79325924DE620100A7EC4B /* HomeViewController.swift */ = {isa = PBXFileReference; lastKnownFileType = sourcecode.swift; path = HomeViewController.swift; sourceTree = "<group>"; };
		7F79325B24E01EBA00A7EC4B /* PlaneScheduleViewController.swift */ = {isa = PBXFileReference; lastKnownFileType = sourcecode.swift; path = PlaneScheduleViewController.swift; sourceTree = "<group>"; };
		7F79325D24E0233200A7EC4B /* FlightData.swift */ = {isa = PBXFileReference; lastKnownFileType = sourcecode.swift; path = FlightData.swift; sourceTree = "<group>"; };
/* End PBXFileReference section */

/* Begin PBXFrameworksBuildPhase section */
		7F79323D24DE5C2C00A7EC4B /* Frameworks */ = {
			isa = PBXFrameworksBuildPhase;
			buildActionMask = 2147483647;
			files = (
			);
			runOnlyForDeploymentPostprocessing = 0;
		};
/* End PBXFrameworksBuildPhase section */

/* Begin PBXGroup section */
		7F79323724DE5C2C00A7EC4B = {
			isa = PBXGroup;
			children = (
				7F79324224DE5C2C00A7EC4B /* animation-practice-ios */,
				7F79324124DE5C2C00A7EC4B /* Products */,
			);
			sourceTree = "<group>";
		};
		7F79324124DE5C2C00A7EC4B /* Products */ = {
			isa = PBXGroup;
			children = (
				7F79324024DE5C2C00A7EC4B /* animation-practice-ios.app */,
			);
			name = Products;
			sourceTree = "<group>";
		};
		7F79324224DE5C2C00A7EC4B /* animation-practice-ios */ = {
			isa = PBXGroup;
			children = (
				7F79324324DE5C2C00A7EC4B /* AppDelegate.swift */,
				7F79324524DE5C2C00A7EC4B /* SceneDelegate.swift */,
				7F79325724DE61C000A7EC4B /* ViewAnimationControllerViewController.swift */,
				7F79325B24E01EBA00A7EC4B /* PlaneScheduleViewController.swift */,
				7F79325924DE620100A7EC4B /* HomeViewController.swift */,
				7F79325D24E0233200A7EC4B /* FlightData.swift */,
				7F79324924DE5C2C00A7EC4B /* Main.storyboard */,
				7F79324C24DE5C2E00A7EC4B /* Assets.xcassets */,
				7F79324E24DE5C2E00A7EC4B /* LaunchScreen.storyboard */,
				7F79325124DE5C2E00A7EC4B /* Info.plist */,
			);
			path = "animation-practice-ios";
			sourceTree = "<group>";
		};
/* End PBXGroup section */

/* Begin PBXNativeTarget section */
		7F79323F24DE5C2C00A7EC4B /* animation-practice-ios */ = {
			isa = PBXNativeTarget;
			buildConfigurationList = 7F79325424DE5C2E00A7EC4B /* Build configuration list for PBXNativeTarget "animation-practice-ios" */;
			buildPhases = (
				7F79323C24DE5C2C00A7EC4B /* Sources */,
				7F79323D24DE5C2C00A7EC4B /* Frameworks */,
				7F79323E24DE5C2C00A7EC4B /* Resources */,
			);
			buildRules = (
			);
			dependencies = (
			);
			name = "animation-practice-ios";
			productName = "animation-practice-ios";
			productReference = 7F79324024DE5C2C00A7EC4B /* animation-practice-ios.app */;
			productType = "com.apple.product-type.application";
		};
/* End PBXNativeTarget section */

/* Begin PBXProject section */
		7F79323824DE5C2C00A7EC4B /* Project object */ = {
			isa = PBXProject;
			attributes = {
				LastSwiftUpdateCheck = 1150;
				LastUpgradeCheck = 1150;
				ORGANIZATIONNAME = TinhPV;
				TargetAttributes = {
					7F79323F24DE5C2C00A7EC4B = {
						CreatedOnToolsVersion = 11.5;
					};
				};
			};
			buildConfigurationList = 7F79323B24DE5C2C00A7EC4B /* Build configuration list for PBXProject "animation-practice-ios" */;
			compatibilityVersion = "Xcode 9.3";
			developmentRegion = en;
			hasScannedForEncodings = 0;
			knownRegions = (
				en,
				Base,
			);
			mainGroup = 7F79323724DE5C2C00A7EC4B;
			productRefGroup = 7F79324124DE5C2C00A7EC4B /* Products */;
			projectDirPath = "";
			projectRoot = "";
			targets = (
				7F79323F24DE5C2C00A7EC4B /* animation-practice-ios */,
			);
		};
/* End PBXProject section */

/* Begin PBXResourcesBuildPhase section */
		7F79323E24DE5C2C00A7EC4B /* Resources */ = {
			isa = PBXResourcesBuildPhase;
			buildActionMask = 2147483647;
			files = (
				7F79325024DE5C2E00A7EC4B /* LaunchScreen.storyboard in Resources */,
				7F79324D24DE5C2E00A7EC4B /* Assets.xcassets in Resources */,
				7F79324B24DE5C2C00A7EC4B /* Main.storyboard in Resources */,
			);
			runOnlyForDeploymentPostprocessing = 0;
		};
/* End PBXResourcesBuildPhase section */

/* Begin PBXSourcesBuildPhase section */
		7F79323C24DE5C2C00A7EC4B /* Sources */ = {
			isa = PBXSourcesBuildPhase;
			buildActionMask = 2147483647;
			files = (
				7F79325824DE61C000A7EC4B /* ViewAnimationControllerViewController.swift in Sources */,
				7F79325E24E0233200A7EC4B /* FlightData.swift in Sources */,
				7F79324424DE5C2C00A7EC4B /* AppDelegate.swift in Sources */,
				7F79324624DE5C2C00A7EC4B /* SceneDelegate.swift in Sources */,
				7F79325C24E01EBA00A7EC4B /* PlaneScheduleViewController.swift in Sources */,
				7F79325A24DE620100A7EC4B /* HomeViewController.swift in Sources */,
			);
			runOnlyForDeploymentPostprocessing = 0;
		};
/* End PBXSourcesBuildPhase section */

/* Begin PBXVariantGroup section */
		7F79324924DE5C2C00A7EC4B /* Main.storyboard */ = {
			isa = PBXVariantGroup;
			children = (
				7F79324A24DE5C2C00A7EC4B /* Base */,
			);
			name = Main.storyboard;
			sourceTree = "<group>";
		};
		7F79324E24DE5C2E00A7EC4B /* LaunchScreen.storyboard */ = {
			isa = PBXVariantGroup;
			children = (
				7F79324F24DE5C2E00A7EC4B /* Base */,
			);
			name = LaunchScreen.storyboard;
			sourceTree = "<group>";
		};
/* End PBXVariantGroup section */

/* Begin XCBuildConfiguration section */
		7F79325224DE5C2E00A7EC4B /* Debug */ = {
			isa = XCBuildConfiguration;
			buildSettings = {
				ALWAYS_SEARCH_USER_PATHS = NO;
				CLANG_ANALYZER_NONNULL = YES;
				CLANG_ANALYZER_NUMBER_OBJECT_CONVERSION = YES_AGGRESSIVE;
				CLANG_CXX_LANGUAGE_STANDARD = "gnu++14";
				CLANG_CXX_LIBRARY = "libc++";
				CLANG_ENABLE_MODULES = YES;
				CLANG_ENABLE_OBJC_ARC = YES;
				CLANG_ENABLE_OBJC_WEAK = YES;
				CLANG_WARN_BLOCK_CAPTURE_AUTORELEASING = YES;
				CLANG_WARN_BOOL_CONVERSION = YES;
				CLANG_WARN_COMMA = YES;
				CLANG_WARN_CONSTANT_CONVERSION = YES;
				CLANG_WARN_DEPRECATED_OBJC_IMPLEMENTATIONS = YES;
				CLANG_WARN_DIRECT_OBJC_ISA_USAGE = YES_ERROR;
				CLANG_WARN_DOCUMENTATION_COMMENTS = YES;
				CLANG_WARN_EMPTY_BODY = YES;
				CLANG_WARN_ENUM_CONVERSION = YES;
				CLANG_WARN_INFINITE_RECURSION = YES;
				CLANG_WARN_INT_CONVERSION = YES;
				CLANG_WARN_NON_LITERAL_NULL_CONVERSION = YES;
				CLANG_WARN_OBJC_IMPLICIT_RETAIN_SELF = YES;
				CLANG_WARN_OBJC_LITERAL_CONVERSION = YES;
				CLANG_WARN_OBJC_ROOT_CLASS = YES_ERROR;
				CLANG_WARN_RANGE_LOOP_ANALYSIS = YES;
				CLANG_WARN_STRICT_PROTOTYPES = YES;
				CLANG_WARN_SUSPICIOUS_MOVE = YES;
				CLANG_WARN_UNGUARDED_AVAILABILITY = YES_AGGRESSIVE;
				CLANG_WARN_UNREACHABLE_CODE = YES;
				CLANG_WARN__DUPLICATE_METHOD_MATCH = YES;
				COPY_PHASE_STRIP = NO;
				DEBUG_INFORMATION_FORMAT = dwarf;
				ENABLE_STRICT_OBJC_MSGSEND = YES;
				ENABLE_TESTABILITY = YES;
				GCC_C_LANGUAGE_STANDARD = gnu11;
				GCC_DYNAMIC_NO_PIC = NO;
				GCC_NO_COMMON_BLOCKS = YES;
				GCC_OPTIMIZATION_LEVEL = 0;
				GCC_PREPROCESSOR_DEFINITIONS = (
					"DEBUG=1",
					"$(inherited)",
				);
				GCC_WARN_64_TO_32_BIT_CONVERSION = YES;
				GCC_WARN_ABOUT_RETURN_TYPE = YES_ERROR;
				GCC_WARN_UNDECLARED_SELECTOR = YES;
				GCC_WARN_UNINITIALIZED_AUTOS = YES_AGGRESSIVE;
				GCC_WARN_UNUSED_FUNCTION = YES;
				GCC_WARN_UNUSED_VARIABLE = YES;
				IPHONEOS_DEPLOYMENT_TARGET = 13.5;
				MTL_ENABLE_DEBUG_INFO = INCLUDE_SOURCE;
				MTL_FAST_MATH = YES;
				ONLY_ACTIVE_ARCH = YES;
				SDKROOT = iphoneos;
				SWIFT_ACTIVE_COMPILATION_CONDITIONS = DEBUG;
				SWIFT_OPTIMIZATION_LEVEL = "-Onone";
			};
			name = Debug;
		};
		7F79325324DE5C2E00A7EC4B /* Release */ = {
			isa = XCBuildConfiguration;
			buildSettings = {
				ALWAYS_SEARCH_USER_PATHS = NO;
				CLANG_ANALYZER_NONNULL = YES;
				CLANG_ANALYZER_NUMBER_OBJECT_CONVERSION = YES_AGGRESSIVE;
				CLANG_CXX_LANGUAGE_STANDARD = "gnu++14";
				CLANG_CXX_LIBRARY = "libc++";
				CLANG_ENABLE_MODULES = YES;
				CLANG_ENABLE_OBJC_ARC = YES;
				CLANG_ENABLE_OBJC_WEAK = YES;
				CLANG_WARN_BLOCK_CAPTURE_AUTORELEASING = YES;
				CLANG_WARN_BOOL_CONVERSION = YES;
				CLANG_WARN_COMMA = YES;
				CLANG_WARN_CONSTANT_CONVERSION = YES;
				CLANG_WARN_DEPRECATED_OBJC_IMPLEMENTATIONS = YES;
				CLANG_WARN_DIRECT_OBJC_ISA_USAGE = YES_ERROR;
				CLANG_WARN_DOCUMENTATION_COMMENTS = YES;
				CLANG_WARN_EMPTY_BODY = YES;
				CLANG_WARN_ENUM_CONVERSION = YES;
				CLANG_WARN_INFINITE_RECURSION = YES;
				CLANG_WARN_INT_CONVERSION = YES;
				CLANG_WARN_NON_LITERAL_NULL_CONVERSION = YES;
				CLANG_WARN_OBJC_IMPLICIT_RETAIN_SELF = YES;
				CLANG_WARN_OBJC_LITERAL_CONVERSION = YES;
				CLANG_WARN_OBJC_ROOT_CLASS = YES_ERROR;
				CLANG_WARN_RANGE_LOOP_ANALYSIS = YES;
				CLANG_WARN_STRICT_PROTOTYPES = YES;
				CLANG_WARN_SUSPICIOUS_MOVE = YES;
				CLANG_WARN_UNGUARDED_AVAILABILITY = YES_AGGRESSIVE;
				CLANG_WARN_UNREACHABLE_CODE = YES;
				CLANG_WARN__DUPLICATE_METHOD_MATCH = YES;
				COPY_PHASE_STRIP = NO;
				DEBUG_INFORMATION_FORMAT = "dwarf-with-dsym";
				ENABLE_NS_ASSERTIONS = NO;
				ENABLE_STRICT_OBJC_MSGSEND = YES;
				GCC_C_LANGUAGE_STANDARD = gnu11;
				GCC_NO_COMMON_BLOCKS = YES;
				GCC_WARN_64_TO_32_BIT_CONVERSION = YES;
				GCC_WARN_ABOUT_RETURN_TYPE = YES_ERROR;
				GCC_WARN_UNDECLARED_SELECTOR = YES;
				GCC_WARN_UNINITIALIZED_AUTOS = YES_AGGRESSIVE;
				GCC_WARN_UNUSED_FUNCTION = YES;
				GCC_WARN_UNUSED_VARIABLE = YES;
				IPHONEOS_DEPLOYMENT_TARGET = 13.5;
				MTL_ENABLE_DEBUG_INFO = NO;
				MTL_FAST_MATH = YES;
				SDKROOT = iphoneos;
				SWIFT_COMPILATION_MODE = wholemodule;
				SWIFT_OPTIMIZATION_LEVEL = "-O";
				VALIDATE_PRODUCT = YES;
			};
			name = Release;
		};
		7F79325524DE5C2E00A7EC4B /* Debug */ = {
			isa = XCBuildConfiguration;
			buildSettings = {
				ASSETCATALOG_COMPILER_APPICON_NAME = AppIcon;
				CODE_SIGN_STYLE = Automatic;
				DEVELOPMENT_TEAM = 5X4F448K5U;
				INFOPLIST_FILE = "animation-practice-ios/Info.plist";
				LD_RUNPATH_SEARCH_PATHS = (
					"$(inherited)",
					"@executable_path/Frameworks",
				);
				PRODUCT_BUNDLE_IDENTIFIER = "com.tinhpv.animation-practice-ios";
				PRODUCT_NAME = "$(TARGET_NAME)";
				SWIFT_VERSION = 5.0;
				TARGETED_DEVICE_FAMILY = "1,2";
			};
			name = Debug;
		};
		7F79325624DE5C2E00A7EC4B /* Release */ = {
			isa = XCBuildConfiguration;
			buildSettings = {
				ASSETCATALOG_COMPILER_APPICON_NAME = AppIcon;
				CODE_SIGN_STYLE = Automatic;
				DEVELOPMENT_TEAM = 5X4F448K5U;
				INFOPLIST_FILE = "animation-practice-ios/Info.plist";
				LD_RUNPATH_SEARCH_PATHS = (
					"$(inherited)",
					"@executable_path/Frameworks",
				);
				PRODUCT_BUNDLE_IDENTIFIER = "com.tinhpv.animation-practice-ios";
				PRODUCT_NAME = "$(TARGET_NAME)";
				SWIFT_VERSION = 5.0;
				TARGETED_DEVICE_FAMILY = "1,2";
			};
			name = Release;
		};
/* End XCBuildConfiguration section */

/* Begin XCConfigurationList section */
		7F79323B24DE5C2C00A7EC4B /* Build configuration list for PBXProject "animation-practice-ios" */ = {
			isa = XCConfigurationList;
			buildConfigurations = (
				7F79325224DE5C2E00A7EC4B /* Debug */,
				7F79325324DE5C2E00A7EC4B /* Release */,
			);
			defaultConfigurationIsVisible = 0;
			defaultConfigurationName = Release;
		};
		7F79325424DE5C2E00A7EC4B /* Build configuration list for PBXNativeTarget "animation-practice-ios" */ = {
			isa = XCConfigurationList;
			buildConfigurations = (
				7F79325524DE5C2E00A7EC4B /* Debug */,
				7F79325624DE5C2E00A7EC4B /* Release */,
			);
			defaultConfigurationIsVisible = 0;
			defaultConfigurationName = Release;
		};
/* End XCConfigurationList section */
	};
	rootObject = 7F79323824DE5C2C00A7EC4B /* Project object */;
}
